
Microsoft Visual Studio Solution File, Format Version 12.00
# Visual Studio Version 16
VisualStudioVersion = 16.6.30114.105
MinimumVisualStudioVersion = 10.0.40219.1
Project("{9A19103F-16F7-4668-BE54-9A1E7A4F7556}") = "WebApp", "WebApp\WebApp.csproj", "{E3F62E3F-EAE1-493B-AC8E-F7ACD88DF215}"
EndProject
Project("{2150E333-8FDC-42A3-9474-1A3956D46DE8}") = "0. Readme", "0. Readme", "{9040E23B-F0CA-474C-A9A8-685D6D1925A2}"
	ProjectSection(SolutionItems) = preProject
		README.md = README.md
	EndProjectSection
EndProject
Project("{9A19103F-16F7-4668-BE54-9A1E7A4F7556}") = "Data", "Data\Data.csproj", "{5D60FDDC-9614-419F-A132-63F83A1C366B}"
EndProject
Project("{9A19103F-16F7-4668-BE54-9A1E7A4F7556}") = "Application", "Application\Application.csproj", "{8056E84A-0079-4C1E-B084-0662C5A6C56C}"
EndProject
Project("{9A19103F-16F7-4668-BE54-9A1E7A4F7556}") = "Common", "Common\Common.csproj", "{E42B33B6-6DC7-4E6E-84B2-8CDE24BF5527}"
EndProject
Project("{9A19103F-16F7-4668-BE54-9A1E7A4F7556}") = "ViewModel", "ViewModel\ViewModel.csproj", "{3D9226C7-D3CD-4487-B2F4-ED2DD9E01F40}"
EndProject
Project("{9A19103F-16F7-4668-BE54-9A1E7A4F7556}") = "Backend_API", "Backend_API\Backend_API.csproj", "{A915ED4E-4F40-4594-9324-EE6616F94552}"
EndProject
Project("{2150E333-8FDC-42A3-9474-1A3956D46DE8}") = "1. Frame", "1. Frame", "{A94C6ECD-C11D-4CED-96D1-B9B433ABB61F}"
EndProject
Project("{2150E333-8FDC-42A3-9474-1A3956D46DE8}") = "2. Domain", "2. Domain", "{FA3C900A-F76B-4A34-AC49-14BFA942498E}"
EndProject
Project("{2150E333-8FDC-42A3-9474-1A3956D46DE8}") = "3. Host", "3. Host", "{5CB76704-E87A-4C65-AA63-8818277503C0}"
EndProject
Global
	GlobalSection(SolutionConfigurationPlatforms) = preSolution
		Debug|Any CPU = Debug|Any CPU
		Debug|x64 = Debug|x64
		Debug|x86 = Debug|x86
		Release|Any CPU = Release|Any CPU
		Release|x64 = Release|x64
		Release|x86 = Release|x86
	EndGlobalSection
	GlobalSection(ProjectConfigurationPlatforms) = postSolution
		{E3F62E3F-EAE1-493B-AC8E-F7ACD88DF215}.Debug|Any CPU.ActiveCfg = Debug|Any CPU
		{E3F62E3F-EAE1-493B-AC8E-F7ACD88DF215}.Debug|Any CPU.Build.0 = Debug|Any CPU
		{E3F62E3F-EAE1-493B-AC8E-F7ACD88DF215}.Debug|x64.ActiveCfg = Debug|Any CPU
		{E3F62E3F-EAE1-493B-AC8E-F7ACD88DF215}.Debug|x64.Build.0 = Debug|Any CPU
		{E3F62E3F-EAE1-493B-AC8E-F7ACD88DF215}.Debug|x86.ActiveCfg = Debug|Any CPU
		{E3F62E3F-EAE1-493B-AC8E-F7ACD88DF215}.Debug|x86.Build.0 = Debug|Any CPU
		{E3F62E3F-EAE1-493B-AC8E-F7ACD88DF215}.Release|Any CPU.ActiveCfg = Release|Any CPU
		{E3F62E3F-EAE1-493B-AC8E-F7ACD88DF215}.Release|Any CPU.Build.0 = Release|Any CPU
		{E3F62E3F-EAE1-493B-AC8E-F7ACD88DF215}.Release|x64.ActiveCfg = Release|Any CPU
		{E3F62E3F-EAE1-493B-AC8E-F7ACD88DF215}.Release|x64.Build.0 = Release|Any CPU
		{E3F62E3F-EAE1-493B-AC8E-F7ACD88DF215}.Release|x86.ActiveCfg = Release|Any CPU
		{E3F62E3F-EAE1-493B-AC8E-F7ACD88DF215}.Release|x86.Build.0 = Release|Any CPU
		{5D60FDDC-9614-419F-A132-63F83A1C366B}.Debug|Any CPU.ActiveCfg = Debug|Any CPU
		{5D60FDDC-9614-419F-A132-63F83A1C366B}.Debug|Any CPU.Build.0 = Debug|Any CPU
		{5D60FDDC-9614-419F-A132-63F83A1C366B}.Debug|x64.ActiveCfg = Debug|Any CPU
		{5D60FDDC-9614-419F-A132-63F83A1C366B}.Debug|x64.Build.0 = Debug|Any CPU
		{5D60FDDC-9614-419F-A132-63F83A1C366B}.Debug|x86.ActiveCfg = Debug|Any CPU
		{5D60FDDC-9614-419F-A132-63F83A1C366B}.Debug|x86.Build.0 = Debug|Any CPU
		{5D60FDDC-9614-419F-A132-63F83A1C366B}.Release|Any CPU.ActiveCfg = Release|Any CPU
		{5D60FDDC-9614-419F-A132-63F83A1C366B}.Release|Any CPU.Build.0 = Release|Any CPU
		{5D60FDDC-9614-419F-A132-63F83A1C366B}.Release|x64.ActiveCfg = Release|Any CPU
		{5D60FDDC-9614-419F-A132-63F83A1C366B}.Release|x64.Build.0 = Release|Any CPU
		{5D60FDDC-9614-419F-A132-63F83A1C366B}.Release|x86.ActiveCfg = Release|Any CPU
		{5D60FDDC-9614-419F-A132-63F83A1C366B}.Release|x86.Build.0 = Release|Any CPU
		{8056E84A-0079-4C1E-B084-0662C5A6C56C}.Debug|Any CPU.ActiveCfg = Debug|Any CPU
		{8056E84A-0079-4C1E-B084-0662C5A6C56C}.Debug|Any CPU.Build.0 = Debug|Any CPU
		{8056E84A-0079-4C1E-B084-0662C5A6C56C}.Debug|x64.ActiveCfg = Debug|Any CPU
		{8056E84A-0079-4C1E-B084-0662C5A6C56C}.Debug|x64.Build.0 = Debug|Any CPU
		{8056E84A-0079-4C1E-B084-0662C5A6C56C}.Debug|x86.ActiveCfg = Debug|Any CPU
		{8056E84A-0079-4C1E-B084-0662C5A6C56C}.Debug|x86.Build.0 = Debug|Any CPU
		{8056E84A-0079-4C1E-B084-0662C5A6C56C}.Release|Any CPU.ActiveCfg = Release|Any CPU
		{8056E84A-0079-4C1E-B084-0662C5A6C56C}.Release|Any CPU.Build.0 = Release|Any CPU
		{8056E84A-0079-4C1E-B084-0662C5A6C56C}.Release|x64.ActiveCfg = Release|Any CPU
		{8056E84A-0079-4C1E-B084-0662C5A6C56C}.Release|x64.Build.0 = Release|Any CPU
		{8056E84A-0079-4C1E-B084-0662C5A6C56C}.Release|x86.ActiveCfg = Release|Any CPU
		{8056E84A-0079-4C1E-B084-0662C5A6C56C}.Release|x86.Build.0 = Release|Any CPU
		{E42B33B6-6DC7-4E6E-84B2-8CDE24BF5527}.Debug|Any CPU.ActiveCfg = Debug|Any CPU
		{E42B33B6-6DC7-4E6E-84B2-8CDE24BF5527}.Debug|Any CPU.Build.0 = Debug|Any CPU
		{E42B33B6-6DC7-4E6E-84B2-8CDE24BF5527}.Debug|x64.ActiveCfg = Debug|Any CPU
		{E42B33B6-6DC7-4E6E-84B2-8CDE24BF5527}.Debug|x64.Build.0 = Debug|Any CPU
		{E42B33B6-6DC7-4E6E-84B2-8CDE24BF5527}.Debug|x86.ActiveCfg = Debug|Any CPU
		{E42B33B6-6DC7-4E6E-84B2-8CDE24BF5527}.Debug|x86.Build.0 = Debug|Any CPU
		{E42B33B6-6DC7-4E6E-84B2-8CDE24BF5527}.Release|Any CPU.ActiveCfg = Release|Any CPU
		{E42B33B6-6DC7-4E6E-84B2-8CDE24BF5527}.Release|Any CPU.Build.0 = Release|Any CPU
		{E42B33B6-6DC7-4E6E-84B2-8CDE24BF5527}.Release|x64.ActiveCfg = Release|Any CPU
		{E42B33B6-6DC7-4E6E-84B2-8CDE24BF5527}.Release|x64.Build.0 = Release|Any CPU
		{E42B33B6-6DC7-4E6E-84B2-8CDE24BF5527}.Release|x86.ActiveCfg = Release|Any CPU
		{E42B33B6-6DC7-4E6E-84B2-8CDE24BF5527}.Release|x86.Build.0 = Release|Any CPU
		{3D9226C7-D3CD-4487-B2F4-ED2DD9E01F40}.Debug|Any CPU.ActiveCfg = Debug|Any CPU
		{3D9226C7-D3CD-4487-B2F4-ED2DD9E01F40}.Debug|Any CPU.Build.0 = Debug|Any CPU
		{3D9226C7-D3CD-4487-B2F4-ED2DD9E01F40}.Debug|x64.ActiveCfg = Debug|Any CPU
		{3D9226C7-D3CD-4487-B2F4-ED2DD9E01F40}.Debug|x64.Build.0 = Debug|Any CPU
		{3D9226C7-D3CD-4487-B2F4-ED2DD9E01F40}.Debug|x86.ActiveCfg = Debug|Any CPU
		{3D9226C7-D3CD-4487-B2F4-ED2DD9E01F40}.Debug|x86.Build.0 = Debug|Any CPU
		{3D9226C7-D3CD-4487-B2F4-ED2DD9E01F40}.Release|Any CPU.ActiveCfg = Release|Any CPU
		{3D9226C7-D3CD-4487-B2F4-ED2DD9E01F40}.Release|Any CPU.Build.0 = Release|Any CPU
		{3D9226C7-D3CD-4487-B2F4-ED2DD9E01F40}.Release|x64.ActiveCfg = Release|Any CPU
		{3D9226C7-D3CD-4487-B2F4-ED2DD9E01F40}.Release|x64.Build.0 = Release|Any CPU
		{3D9226C7-D3CD-4487-B2F4-ED2DD9E01F40}.Release|x86.ActiveCfg = Release|Any CPU
		{3D9226C7-D3CD-4487-B2F4-ED2DD9E01F40}.Release|x86.Build.0 = Release|Any CPU
		{A915ED4E-4F40-4594-9324-EE6616F94552}.Debug|Any CPU.ActiveCfg = Debug|Any CPU
		{A915ED4E-4F40-4594-9324-EE6616F94552}.Debug|Any CPU.Build.0 = Debug|Any CPU
		{A915ED4E-4F40-4594-9324-EE6616F94552}.Debug|x64.ActiveCfg = Debug|Any CPU
		{A915ED4E-4F40-4594-9324-EE6616F94552}.Debug|x64.Build.0 = Debug|Any CPU
		{A915ED4E-4F40-4594-9324-EE6616F94552}.Debug|x86.ActiveCfg = Debug|Any CPU
		{A915ED4E-4F40-4594-9324-EE6616F94552}.Debug|x86.Build.0 = Debug|Any CPU
		{A915ED4E-4F40-4594-9324-EE6616F94552}.Release|Any CPU.ActiveCfg = Release|Any CPU
		{A915ED4E-4F40-4594-9324-EE6616F94552}.Release|Any CPU.Build.0 = Release|Any CPU
		{A915ED4E-4F40-4594-9324-EE6616F94552}.Release|x64.ActiveCfg = Release|Any CPU
		{A915ED4E-4F40-4594-9324-EE6616F94552}.Release|x64.Build.0 = Release|Any CPU
		{A915ED4E-4F40-4594-9324-EE6616F94552}.Release|x86.ActiveCfg = Release|Any CPU
		{A915ED4E-4F40-4594-9324-EE6616F94552}.Release|x86.Build.0 = Release|Any CPU
	EndGlobalSection
	GlobalSection(SolutionProperties) = preSolution
		HideSolutionNode = FALSE
	EndGlobalSection
	GlobalSection(NestedProjects) = preSolution
		{E3F62E3F-EAE1-493B-AC8E-F7ACD88DF215} = {5CB76704-E87A-4C65-AA63-8818277503C0}
		{5D60FDDC-9614-419F-A132-63F83A1C366B} = {FA3C900A-F76B-4A34-AC49-14BFA942498E}
		{8056E84A-0079-4C1E-B084-0662C5A6C56C} = {FA3C900A-F76B-4A34-AC49-14BFA942498E}
		{E42B33B6-6DC7-4E6E-84B2-8CDE24BF5527} = {A94C6ECD-C11D-4CED-96D1-B9B433ABB61F}
		{3D9226C7-D3CD-4487-B2F4-ED2DD9E01F40} = {A94C6ECD-C11D-4CED-96D1-B9B433ABB61F}
		{A915ED4E-4F40-4594-9324-EE6616F94552} = {5CB76704-E87A-4C65-AA63-8818277503C0}
	EndGlobalSection
	GlobalSection(ExtensibilityGlobals) = postSolution
		SolutionGuid = {597243AA-51B2-4976-9331-F5C71CB88FAD}
	EndGlobalSection
EndGlobal
